
Microsoft Visual Studio Solution File, Format Version 12.00
# Visual Studio Version 17
VisualStudioVersion = 17.4.33213.308
MinimumVisualStudioVersion = 10.0.40219.1
Project("{FAE04EC0-301F-11D3-BF4B-00C04F79EFBC}") = "cadastroanimais", "cadastroanimais.csproj", "{69CECD26-A532-4501-A78A-0B7CDF5C6006}"
EndProject
Global
	GlobalSection(SolutionConfigurationPlatforms) = preSolution
		Debug|Any CPU = Debug|Any CPU
		Release|Any CPU = Release|Any CPU
	EndGlobalSection
	GlobalSection(ProjectConfigurationPlatforms) = postSolution
		{69CECD26-A532-4501-A78A-0B7CDF5C6006}.Debug|Any CPU.ActiveCfg = Debug|Any CPU
		{69CECD26-A532-4501-A78A-0B7CDF5C6006}.Debug|Any CPU.Build.0 = Debug|Any CPU
		{69CECD26-A532-4501-A78A-0B7CDF5C6006}.Release|Any CPU.ActiveCfg = Release|Any CPU
		{69CECD26-A532-4501-A78A-0B7CDF5C6006}.Release|Any CPU.Build.0 = Release|Any CPU
	EndGlobalSection
	GlobalSection(SolutionProperties) = preSolution
		HideSolutionNode = FALSE
	EndGlobalSection
	GlobalSection(ExtensibilityGlobals) = postSolution
		SolutionGuid = {F9844FCD-BA46-48EC-BE13-CC52E06F646B}
	EndGlobalSection
EndGlobal
